{
  "name": "cytos-ide-monorepo",
  "version": "0.1.0",
  "lockfileVersion": 3,
  "requires": true,
  "packages": {
    "": {
      "name": "cytos-ide-monorepo",
      "version": "0.1.0",
      "workspaces": [
        "apps/vscode-oss",
        "packages/core-types"
      ],
      "engines": {
        "node": ">=20.0.0"
      }
    },
    "apps/vscode-oss": {
      "name": "cytos-vscode-oss",
      "version": "0.1.0"
    },
    "node_modules/@cytos/core-types": {
      "resolved": "packages/core-types",
      "link": true
    },
    "node_modules/cytos-vscode-oss": {
      "resolved": "apps/vscode-oss",
      "link": true
    },
    "node_modules/typescript": {
      "version": "5.9.3",
      "dev": true,
      "license": "Apache-2.0",
      "bin": {
        "tsc": "bin/tsc",
        "tsserver": "bin/tsserver"
      },
      "engines": {
        "node": ">=14.17"
      }
    },
    "packages/core-types": {
      "name": "@cytos/core-types",
      "version": "0.1.0",
      "devDependencies": {
        "typescript": "^5.5.4"
      }
    }
  }
}
